// !$*UTF8*$!
{
	archiveVersion = 1;
	classes = {
	};
	objectVersion = 46;
	objects = {

/* Begin PBXBuildFile section */
		7CDABB6016DB7E570046390C /* UIKit.framework in Frameworks */ = {isa = PBXBuildFile; fileRef = 7CDABB5F16DB7E570046390C /* UIKit.framework */; };
		7CDABB6216DB7E570046390C /* Foundation.framework in Frameworks */ = {isa = PBXBuildFile; fileRef = 7CDABB6116DB7E570046390C /* Foundation.framework */; };
		7CDABB6416DB7E570046390C /* CoreGraphics.framework in Frameworks */ = {isa = PBXBuildFile; fileRef = 7CDABB6316DB7E570046390C /* CoreGraphics.framework */; };
		7CDABB6A16DB7E570046390C /* InfoPlist.strings in Resources */ = {isa = PBXBuildFile; fileRef = 7CDABB6816DB7E570046390C /* InfoPlist.strings */; };
		7CDABB6C16DB7E570046390C /* main.m in Sources */ = {isa = PBXBuildFile; fileRef = 7CDABB6B16DB7E570046390C /* main.m */; };
		7CDABB7016DB7E570046390C /* AppDelegate.m in Sources */ = {isa = PBXBuildFile; fileRef = 7CDABB6F16DB7E570046390C /* AppDelegate.m */; };
		7CDABB7216DB7E580046390C /* Default.png in Resources */ = {isa = PBXBuildFile; fileRef = 7CDABB7116DB7E570046390C /* Default.png */; };
		7CDABB7416DB7E580046390C /* Default@2x.png in Resources */ = {isa = PBXBuildFile; fileRef = 7CDABB7316DB7E580046390C /* Default@2x.png */; };
		7CDABB7616DB7E580046390C /* Default-568h@2x.png in Resources */ = {isa = PBXBuildFile; fileRef = 7CDABB7516DB7E580046390C /* Default-568h@2x.png */; };
/* End PBXBuildFile section */

/* Begin PBXFileReference section */
		7CDABB5C16DB7E570046390C /* TestZxing.app */ = {isa = PBXFileReference; explicitFileType = wrapper.application; includeInIndex = 0; path = TestZxing.app; sourceTree = BUILT_PRODUCTS_DIR; };
		7CDABB5F16DB7E570046390C /* UIKit.framework */ = {isa = PBXFileReference; lastKnownFileType = wrapper.framework; name = UIKit.framework; path = System/Library/Frameworks/UIKit.framework; sourceTree = SDKROOT; };
		7CDABB6116DB7E570046390C /* Foundation.framework */ = {isa = PBXFileReference; lastKnownFileType = wrapper.framework; name = Foundation.framework; path = System/Library/Frameworks/Foundation.framework; sourceTree = SDKROOT; };
		7CDABB6316DB7E570046390C /* CoreGraphics.framework */ = {isa = PBXFileReference; lastKnownFileType = wrapper.framework; name = CoreGraphics.framework; path = System/Library/Frameworks/CoreGraphics.framework; sourceTree = SDKROOT; };
		7CDABB6716DB7E570046390C /* TestZxing-Info.plist */ = {isa = PBXFileReference; lastKnownFileType = text.plist.xml; path = "TestZxing-Info.plist"; sourceTree = "<group>"; };
		7CDABB6916DB7E570046390C /* en */ = {isa = PBXFileReference; lastKnownFileType = text.plist.strings; name = en; path = en.lproj/InfoPlist.strings; sourceTree = "<group>"; };
		7CDABB6B16DB7E570046390C /* main.m */ = {isa = PBXFileReference; lastKnownFileType = sourcecode.c.objc; path = main.m; sourceTree = "<group>"; };
		7CDABB6D16DB7E570046390C /* TestZxing-Prefix.pch */ = {isa = PBXFileReference; lastKnownFileType = sourcecode.c.h; path = "TestZxing-Prefix.pch"; sourceTree = "<group>"; };
		7CDABB6E16DB7E570046390C /* AppDelegate.h */ = {isa = PBXFileReference; lastKnownFileType = sourcecode.c.h; path = AppDelegate.h; sourceTree = "<group>"; };
		7CDABB6F16DB7E570046390C /* AppDelegate.m */ = {isa = PBXFileReference; lastKnownFileType = sourcecode.c.objc; path = AppDelegate.m; sourceTree = "<group>"; };
		7CDABB7116DB7E570046390C /* Default.png */ = {isa = PBXFileReference; lastKnownFileType = image.png; path = Default.png; sourceTree = "<group>"; };
		7CDABB7316DB7E580046390C /* Default@2x.png */ = {isa = PBXFileReference; lastKnownFileType = image.png; path = "Default@2x.png"; sourceTree = "<group>"; };
		7CDABB7516DB7E580046390C /* Default-568h@2x.png */ = {isa = PBXFileReference; lastKnownFileType = image.png; path = "Default-568h@2x.png"; sourceTree = "<group>"; };
/* End PBXFileReference section */

/* Begin PBXFrameworksBuildPhase section */
		7CDABB5916DB7E570046390C /* Frameworks */ = {
			isa = PBXFrameworksBuildPhase;
			buildActionMask = 2147483647;
			files = (
				7CDABB6016DB7E570046390C /* UIKit.framework in Frameworks */,
				7CDABB6216DB7E570046390C /* Foundation.framework in Frameworks */,
				7CDABB6416DB7E570046390C /* CoreGraphics.framework in Frameworks */,
			);
			runOnlyForDeploymentPostprocessing = 0;
		};
/* End PBXFrameworksBuildPhase section */

/* Begin PBXGroup section */
		7CDABB5316DB7E570046390C = {
			isa = PBXGroup;
			children = (
				7CDABB6516DB7E570046390C /* TestZxing */,
				7CDABB5E16DB7E570046390C /* Frameworks */,
				7CDABB5D16DB7E570046390C /* Products */,
			);
			sourceTree = "<group>";
		};
		7CDABB5D16DB7E570046390C /* Products */ = {
			isa = PBXGroup;
			children = (
				7CDABB5C16DB7E570046390C /* TestZxing.app */,
			);
			name = Products;
			sourceTree = "<group>";
		};
		7CDABB5E16DB7E570046390C /* Frameworks */ = {
			isa = PBXGroup;
			children = (
				7CDABB5F16DB7E570046390C /* UIKit.framework */,
				7CDABB6116DB7E570046390C /* Foundation.framework */,
				7CDABB6316DB7E570046390C /* CoreGraphics.framework */,
			);
			name = Frameworks;
			sourceTree = "<group>";
		};
		7CDABB6516DB7E570046390C /* TestZxing */ = {
			isa = PBXGroup;
			children = (
				7CDABB6E16DB7E570046390C /* AppDelegate.h */,
				7CDABB6F16DB7E570046390C /* AppDelegate.m */,
				7CDABB6616DB7E570046390C /* Supporting Files */,
			);
			path = TestZxing;
			sourceTree = "<group>";
		};
		7CDABB6616DB7E570046390C /* Supporting Files */ = {
			isa = PBXGroup;
			children = (
				7CDABB6716DB7E570046390C /* TestZxing-Info.plist */,
				7CDABB6816DB7E570046390C /* InfoPlist.strings */,
				7CDABB6B16DB7E570046390C /* main.m */,
				7CDABB6D16DB7E570046390C /* TestZxing-Prefix.pch */,
				7CDABB7116DB7E570046390C /* Default.png */,
				7CDABB7316DB7E580046390C /* Default@2x.png */,
				7CDABB7516DB7E580046390C /* Default-568h@2x.png */,
			);
			name = "Supporting Files";
			sourceTree = "<group>";
		};
/* End PBXGroup section */

/* Begin PBXNativeTarget section */
		7CDABB5B16DB7E570046390C /* TestZxing */ = {
			isa = PBXNativeTarget;
			buildConfigurationList = 7CDABB7916DB7E580046390C /* Build configuration list for PBXNativeTarget "TestZxing" */;
			buildPhases = (
				7CDABB5816DB7E570046390C /* Sources */,
				7CDABB5916DB7E570046390C /* Frameworks */,
				7CDABB5A16DB7E570046390C /* Resources */,
			);
			buildRules = (
			);
			dependencies = (
			);
			name = TestZxing;
			productName = TestZxing;
			productReference = 7CDABB5C16DB7E570046390C /* TestZxing.app */;
			productType = "com.apple.product-type.application";
		};
/* End PBXNativeTarget section */

/* Begin PBXProject section */
		7CDABB5416DB7E570046390C /* Project object */ = {
			isa = PBXProject;
			attributes = {
				LastUpgradeCheck = 0460;
				ORGANIZATIONNAME = Enway;
			};
			buildConfigurationList = 7CDABB5716DB7E570046390C /* Build configuration list for PBXProject "TestZxing" */;
			compatibilityVersion = "Xcode 3.2";
			developmentRegion = English;
			hasScannedForEncodings = 0;
			knownRegions = (
				en,
			);
			mainGroup = 7CDABB5316DB7E570046390C;
			productRefGroup = 7CDABB5D16DB7E570046390C /* Products */;
			projectDirPath = "";
			projectRoot = "";
			targets = (
				7CDABB5B16DB7E570046390C /* TestZxing */,
			);
		};
/* End PBXProject section */

/* Begin PBXResourcesBuildPhase section */
		7CDABB5A16DB7E570046390C /* Resources */ = {
			isa = PBXResourcesBuildPhase;
			buildActionMask = 2147483647;
			files = (
				7CDABB6A16DB7E570046390C /* InfoPlist.strings in Resources */,
				7CDABB7216DB7E580046390C /* Default.png in Resources */,
				7CDABB7416DB7E580046390C /* Default@2x.png in Resources */,
				7CDABB7616DB7E580046390C /* Default-568h@2x.png in Resources */,
			);
			runOnlyForDeploymentPostprocessing = 0;
		};
/* End PBXResourcesBuildPhase section */

/* Begin PBXSourcesBuildPhase section */
		7CDABB5816DB7E570046390C /* Sources */ = {
			isa = PBXSourcesBuildPhase;
			buildActionMask = 2147483647;
			files = (
				7CDABB6C16DB7E570046390C /* main.m in Sources */,
				7CDABB7016DB7E570046390C /* AppDelegate.m in Sources */,
			);
			runOnlyForDeploymentPostprocessing = 0;
		};
/* End PBXSourcesBuildPhase section */

/* Begin PBXVariantGroup section */
		7CDABB6816DB7E570046390C /* InfoPlist.strings */ = {
			isa = PBXVariantGroup;
			children = (
				7CDABB6916DB7E570046390C /* en */,
			);
			name = InfoPlist.strings;
			sourceTree = "<group>";
		};
/* End PBXVariantGroup section */

/* Begin XCBuildConfiguration section */
		7CDABB7716DB7E580046390C /* Debug */ = {
			isa = XCBuildConfiguration;
			buildSettings = {
				ALWAYS_SEARCH_USER_PATHS = NO;
				CLANG_CXX_LANGUAGE_STANDARD = "gnu++0x";
				CLANG_CXX_LIBRARY = "libc++";
				CLANG_WARN_CONSTANT_CONVERSION = YES;
				CLANG_WARN_EMPTY_BODY = YES;
				CLANG_WARN_ENUM_CONVERSION = YES;
				CLANG_WARN_INT_CONVERSION = YES;
				CLANG_WARN__DUPLICATE_METHOD_MATCH = YES;
				"CODE_SIGN_IDENTITY[sdk=iphoneos*]" = "iPhone Developer";
				COPY_PHASE_STRIP = NO;
				GCC_C_LANGUAGE_STANDARD = gnu99;
				GCC_DYNAMIC_NO_PIC = NO;
				GCC_OPTIMIZATION_LEVEL = 0;
				GCC_PREPROCESSOR_DEFINITIONS = (
					"DEBUG=1",
					"$(inherited)",
				);
				GCC_SYMBOLS_PRIVATE_EXTERN = NO;
				GCC_WARN_ABOUT_RETURN_TYPE = YES;
				GCC_WARN_UNINITIALIZED_AUTOS = YES;
				GCC_WARN_UNUSED_VARIABLE = YES;
				IPHONEOS_DEPLOYMENT_TARGET = 6.1;
				ONLY_ACTIVE_ARCH = YES;
				SDKROOT = iphoneos;
			};
			name = Debug;
		};
		7CDABB7816DB7E580046390C /* Release */ = {
			isa = XCBuildConfiguration;
			buildSettings = {
				ALWAYS_SEARCH_USER_PATHS = NO;
				CLANG_CXX_LANGUAGE_STANDARD = "gnu++0x";
				CLANG_CXX_LIBRARY = "libc++";
				CLANG_WARN_CONSTANT_CONVERSION = YES;
				CLANG_WARN_EMPTY_BODY = YES;
				CLANG_WARN_ENUM_CONVERSION = YES;
				CLANG_WARN_INT_CONVERSION = YES;
				CLANG_WARN__DUPLICATE_METHOD_MATCH = YES;
				"CODE_SIGN_IDENTITY[sdk=iphoneos*]" = "iPhone Developer";
				COPY_PHASE_STRIP = YES;
				GCC_C_LANGUAGE_STANDARD = gnu99;
				GCC_WARN_ABOUT_RETURN_TYPE = YES;
				GCC_WARN_UNINITIALIZED_AUTOS = YES;
				GCC_WARN_UNUSED_VARIABLE = YES;
				IPHONEOS_DEPLOYMENT_TARGET = 6.1;
				OTHER_CFLAGS = "-DNS_BLOCK_ASSERTIONS=1";
				SDKROOT = iphoneos;
				VALIDATE_PRODUCT = YES;
			};
			name = Release;
		};
		7CDABB7A16DB7E580046390C /* Debug */ = {
			isa = XCBuildConfiguration;
			buildSettings = {
				GCC_PRECOMPILE_PREFIX_HEADER = YES;
				GCC_PREFIX_HEADER = "TestZxing/TestZxing-Prefix.pch";
				INFOPLIST_FILE = "TestZxing/TestZxing-Info.plist";
				PRODUCT_NAME = "$(TARGET_NAME)";
				WRAPPER_EXTENSION = app;
			};
			name = Debug;
		};
		7CDABB7B16DB7E580046390C /* Release */ = {
			isa = XCBuildConfiguration;
			buildSettings = {
				GCC_PRECOMPILE_PREFIX_HEADER = YES;
				GCC_PREFIX_HEADER = "TestZxing/TestZxing-Prefix.pch";
				INFOPLIST_FILE = "TestZxing/TestZxing-Info.plist";
				PRODUCT_NAME = "$(TARGET_NAME)";
				WRAPPER_EXTENSION = app;
			};
			name = Release;
		};
/* End XCBuildConfiguration section */

/* Begin XCConfigurationList section */
		7CDABB5716DB7E570046390C /* Build configuration list for PBXProject "TestZxing" */ = {
			isa = XCConfigurationList;
			buildConfigurations = (
				7CDABB7716DB7E580046390C /* Debug */,
				7CDABB7816DB7E580046390C /* Release */,
			);
			defaultConfigurationIsVisible = 0;
			defaultConfigurationName = Release;
		};
		7CDABB7916DB7E580046390C /* Build configuration list for PBXNativeTarget "TestZxing" */ = {
			isa = XCConfigurationList;
			buildConfigurations = (
				7CDABB7A16DB7E580046390C /* Debug */,
				7CDABB7B16DB7E580046390C /* Release */,
			);
			defaultConfigurationIsVisible = 0;
		};
/* End XCConfigurationList section */
	};
	rootObject = 7CDABB5416DB7E570046390C /* Project object */;
}
